# THIS IS AN AUTOGENERATED FILE. DO NOT EDIT THIS FILE DIRECTLY.
# yarn lockfile v1


"@module-federation/runtime-tools@0.1.6":
  version "0.1.6"
  resolved "https://registry.yarnpkg.com/@module-federation/runtime-tools/-/runtime-tools-0.1.6.tgz#ee9bbe8c6e823b4c641695c91ab0b0bfdc5b3102"
  integrity sha512-7ILVnzMIa0Dlc0Blck5tVZG1tnk1MmLnuZpLOMpbdW+zl+N6wdMjjHMjEZFCUAJh2E5XJ3BREwfX8Ets0nIkLg==
  dependencies:
    "@module-federation/runtime" "0.1.6"
    "@module-federation/webpack-bundler-runtime" "0.1.6"

"@module-federation/runtime@0.1.6":
  version "0.1.6"
  resolved "https://registry.yarnpkg.com/@module-federation/runtime/-/runtime-0.1.6.tgz#e56adb6bdb0c5264ba5740d0aa64568f19a0c3be"
  integrity sha512-nj6a+yJ+QxmcE89qmrTl4lphBIoAds0PFPVGnqLRWflwAP88jrCcrrTqRhARegkFDL+wE9AE04+h6jzlbIfMKg==
  dependencies:
    "@module-federation/sdk" "0.1.6"

"@module-federation/sdk@0.1.6":
  version "0.1.6"
  resolved "https://registry.yarnpkg.com/@module-federation/sdk/-/sdk-0.1.6.tgz#4d64b206ef6bddd99ca74680f278a2134a493dd5"
  integrity sha512-qifXpyYLM7abUeEOIfv0oTkguZgRZuwh89YOAYIZJlkP6QbRG7DJMQvtM8X2yHXm9PTk0IYNnOJH0vNQCo6auQ==

"@module-federation/webpack-bundler-runtime@0.1.6":
  version "0.1.6"
  resolved "https://registry.yarnpkg.com/@module-federation/webpack-bundler-runtime/-/webpack-bundler-runtime-0.1.6.tgz#8520435913ca10e4f259e825d9521002595ba769"
  integrity sha512-K5WhKZ4RVNaMEtfHsd/9CNCgGKB0ipbm/tgweNNeC11mEuBTNxJ09Y630vg3WPkKv9vfMCuXg2p2Dk+Q/KWTSA==
  dependencies:
    "@module-federation/runtime" "0.1.6"
    "@module-federation/sdk" "0.1.6"

"@rsbuild/core@0.6.6":
  version "0.6.6"
  resolved "https://registry.yarnpkg.com/@rsbuild/core/-/core-0.6.6.tgz#c0cefb349fbaa143c2ad1fae85de37dfaad8f6b9"
  integrity sha512-gZeWzVlbRap2LkI7G5twrykxBsiy8sT4UspV7Lj4+tkV+67/Y3HCGV5YL4LPMsbHk/cRyiTvkkb+x4YaKdj96w==
  dependencies:
    "@rsbuild/shared" "0.6.6"
    "@rspack/core" "0.6.3"
    "@swc/helpers" "0.5.3"
    core-js "~3.36.0"
    html-webpack-plugin "npm:html-rspack-plugin@5.6.2"
    postcss "^8.4.38"

"@rsbuild/plugin-react@0.6.6":
  version "0.6.6"
  resolved "https://registry.yarnpkg.com/@rsbuild/plugin-react/-/plugin-react-0.6.6.tgz#14b8aec63bcf2879b7b67e932da6765162baa716"
  integrity sha512-cblNNu4rjER3b/lQGH1Fa7NFVRT0M0b7aJkaMPEl2GA7ra8446zeOP5i0m8D25Pyd6tJ2QiMeFShE1d/G/FJpA==
  dependencies:
    "@rsbuild/shared" "0.6.6"
    "@rspack/plugin-react-refresh" "0.6.3"
    react-refresh "^0.14.0"

"@rsbuild/shared@0.6.6":
  version "0.6.6"
  resolved "https://registry.yarnpkg.com/@rsbuild/shared/-/shared-0.6.6.tgz#c4c60e968e087f7bc2c4062080a85247ca4dd5b2"
  integrity sha512-2aGqrIVqA7rAcEGd1FZSQAlrrVCaGl7rwVE84DH+YDSXYV6fYQr9sI9KQ5yQWNnse1pA2LKdDDgWKKfmF2PZCg==
  dependencies:
    "@rspack/core" "0.6.3"
    caniuse-lite "^1.0.30001607"
    postcss "^8.4.38"

"@rspack/binding-darwin-arm64@0.6.3":
  version "0.6.3"
  resolved "https://registry.yarnpkg.com/@rspack/binding-darwin-arm64/-/binding-darwin-arm64-0.6.3.tgz#ed6fd6a890d3212ea5fee857b5442866bd483a1f"
  integrity sha512-NS6LFwJYjOFIy7mp8FCquox/xCiWuc6a3OQtx+f80c+86uDOiQyix6BJJa3JDdQQ6DmAR3L2eRzV+XVnCzZwNA==

"@rspack/binding-darwin-x64@0.6.3":
  version "0.6.3"
  resolved "https://registry.yarnpkg.com/@rspack/binding-darwin-x64/-/binding-darwin-x64-0.6.3.tgz#ec213f00049cd74b04ae30484d8b21044aba85d0"
  integrity sha512-QGhB9+FeqQDc/I6hg5woc0a6XYQoNsCaJ5pAxnhSh4/wSe3IrFtokyqE2SUSwfWjkdNEnKYBC4p6Cc5KbkK7sg==

"@rspack/binding-linux-arm64-gnu@0.6.3":
  version "0.6.3"
  resolved "https://registry.yarnpkg.com/@rspack/binding-linux-arm64-gnu/-/binding-linux-arm64-gnu-0.6.3.tgz#daabdba0ac75dce5ea108c7e5cbf8ce6c77098ef"
  integrity sha512-tZxqV+bCxVyr8Z0skQoSnj7WYjwjuw34wrSUdTFLL6vw7nRgGiOhE2ZcRLa0coNHUPyq6dcWIQPwzg0ToHxLkA==

"@rspack/binding-linux-arm64-musl@0.6.3":
  version "0.6.3"
  resolved "https://registry.yarnpkg.com/@rspack/binding-linux-arm64-musl/-/binding-linux-arm64-musl-0.6.3.tgz#7ee907a9dccb7f0eef36b4a2987d792e3cf35618"
  integrity sha512-1cNTLQE9c6CMGhFAuLdI3jYKhGiSiPCMRWb50GuzsfnbLcpnYfwHko7Fn/C/SOjP+xUZf7GlTTgrZssHP9yPrA==

"@rspack/binding-linux-x64-gnu@0.6.3":
  version "0.6.3"
  resolved "https://registry.yarnpkg.com/@rspack/binding-linux-x64-gnu/-/binding-linux-x64-gnu-0.6.3.tgz#9fa8e7ac2671301ff6b323eda52600f9bad4dcef"
  integrity sha512-/bf9K3k8YNRTtNWbcG66CosIxvd77CIbq7XqPxW1OCsxzcl8nmTI0h1/bxgmiBchiAvNCou8mmP08GEvQXdUdQ==

"@rspack/binding-linux-x64-musl@0.6.3":
  version "0.6.3"
  resolved "https://registry.yarnpkg.com/@rspack/binding-linux-x64-musl/-/binding-linux-x64-musl-0.6.3.tgz#127f279c89918b2a1fa4d214fc613146b5021797"
  integrity sha512-816xaFVOI6qs4Np4YrUzoNaTLrsthR63rFqsQgguD3ytVvTpr0nIXT4XrKvGHF2FDEhgpF+FTqyn3M3NIBK/2A==

"@rspack/binding-win32-arm64-msvc@0.6.3":
  version "0.6.3"
  resolved "https://registry.yarnpkg.com/@rspack/binding-win32-arm64-msvc/-/binding-win32-arm64-msvc-0.6.3.tgz#86c4c8328bf5f26b3b8e92ab9426b3f3386f709c"
  integrity sha512-lQg5CzYXI5BxAP+9Kja3yx9Y/xwd4m51xWPXFhjODn8s76LGIhfmbJHh8OG5QhcQACi88aj2hqW8BHFwOWPlsw==

"@rspack/binding-win32-ia32-msvc@0.6.3":
  version "0.6.3"
  resolved "https://registry.yarnpkg.com/@rspack/binding-win32-ia32-msvc/-/binding-win32-ia32-msvc-0.6.3.tgz#40a7ed93bfd22caba6ad938baa5374724e0681ae"
  integrity sha512-SP/Crwk4Ac7gGgTxNhcrVQQUS6ze7eDvxgf9I/D/UhBU22GfkLPn5HzFxZk/8gJ1iU+cLeMiqa0DdXPx48x46A==

"@rspack/binding-win32-x64-msvc@0.6.3":
  version "0.6.3"
  resolved "https://registry.yarnpkg.com/@rspack/binding-win32-x64-msvc/-/binding-win32-x64-msvc-0.6.3.tgz#6c3ef305235d1ee4cc5c853df8354941cd79082a"
  integrity sha512-QAXxObKzVKQtV60Ig5TlW7h7ZMz3Z2WDiKJJe0qRakYznSzeEuNcaqTmLbYg9PGWOVLMd8WS6uLEmeLEi5TWAA==

"@rspack/binding@0.6.3":
  version "0.6.3"
  resolved "https://registry.yarnpkg.com/@rspack/binding/-/binding-0.6.3.tgz#01d8686ea1beb0dba036c85924ed035822a9fd6d"
  integrity sha512-F2Ys11Bf87/sI3X1dVT8l7FLGCmQirf8KaTG0FdaObWqnoIeAET0MgP5vohRIy3tqjcmJURyRx2YFc4Btr8ZDQ==
  optionalDependencies:
    "@rspack/binding-darwin-arm64" "0.6.3"
    "@rspack/binding-darwin-x64" "0.6.3"
    "@rspack/binding-linux-arm64-gnu" "0.6.3"
    "@rspack/binding-linux-arm64-musl" "0.6.3"
    "@rspack/binding-linux-x64-gnu" "0.6.3"
    "@rspack/binding-linux-x64-musl" "0.6.3"
    "@rspack/binding-win32-arm64-msvc" "0.6.3"
    "@rspack/binding-win32-ia32-msvc" "0.6.3"
    "@rspack/binding-win32-x64-msvc" "0.6.3"

"@rspack/core@0.6.3":
  version "0.6.3"
  resolved "https://registry.yarnpkg.com/@rspack/core/-/core-0.6.3.tgz#b944d166d6b3cd7a4ff3f74e44eb849659b0938b"
  integrity sha512-+KfWUywwhGHxwMVnXQPQkqjN8fedDN/0YcjQktK9qrpQ1FyE+EzFgO3n2wW6g1Ty5uftVVrDRQbpBUHxK/gKUw==
  dependencies:
    "@module-federation/runtime-tools" "0.1.6"
    "@rspack/binding" "0.6.3"
    browserslist "^4.21.3"
    enhanced-resolve "5.12.0"
    events "^3.3.0"
    graceful-fs "4.2.10"
    json-parse-even-better-errors "^3.0.0"
    neo-async "2.6.2"
    tapable "2.2.1"
    watchpack "^2.4.0"
    webpack-sources "3.2.3"
    zod "^3.21.4"
    zod-validation-error "1.3.1"

"@rspack/plugin-react-refresh@0.6.3":
  version "0.6.3"
  resolved "https://registry.yarnpkg.com/@rspack/plugin-react-refresh/-/plugin-react-refresh-0.6.3.tgz#ca02f8712f627d96f62571ed91ad4d974876158f"
  integrity sha512-/IllQJlB1tXzBkDx/uGVvGRy3E/PXfU8RH4Uaa6Sxrj8Kk2ztIz+Yb1qnj4jjCbGmbYWp/+R0+QWqGROAhId9A==

"@swc/helpers@0.5.3":
  version "0.5.3"
  resolved "https://registry.yarnpkg.com/@swc/helpers/-/helpers-0.5.3.tgz#98c6da1e196f5f08f977658b80d6bd941b5f294f"
  integrity sha512-FaruWX6KdudYloq1AHD/4nU+UsMTdNE8CKyrseXWEcgjDAbvkwJg2QGPAnfIJLIWsjZOSPLOAykK6fuYp4vp4A==
  dependencies:
    tslib "^2.4.0"

"@types/node@20.12.7":
  version "20.12.7"
  resolved "https://registry.yarnpkg.com/@types/node/-/node-20.12.7.tgz#04080362fa3dd6c5822061aa3124f5c152cff384"
  integrity sha512-wq0cICSkRLVaf3UGLMGItu/PtdY7oaXaI/RVU+xliKVOtRna3PRY57ZDfztpDL0n11vfymMUnXv8QwYCO7L1wg==
  dependencies:
    undici-types "~5.26.4"

"@types/prop-types@*":
  version "15.7.12"
  resolved "https://registry.yarnpkg.com/@types/prop-types/-/prop-types-15.7.12.tgz#12bb1e2be27293c1406acb6af1c3f3a1481d98c6"
  integrity sha512-5zvhXYtRNRluoE/jAp4GVsSduVUzNWKkOZrCDBWYtE7biZywwdC2AcEzg+cSMLFRfVgeAFqpfNabiPjxFddV1Q==

"@types/react-dom@^18.2.25":
  version "18.2.25"
  resolved "https://registry.yarnpkg.com/@types/react-dom/-/react-dom-18.2.25.tgz#2946a30081f53e7c8d585eb138277245caedc521"
  integrity sha512-o/V48vf4MQh7juIKZU2QGDfli6p1+OOi5oXx36Hffpc9adsHeXjVp8rHuPkjd8VT8sOJ2Zp05HR7CdpGTIUFUA==
  dependencies:
    "@types/react" "*"

"@types/react@*", "@types/react@^18.2.79":
  version "18.2.79"
  resolved "https://registry.yarnpkg.com/@types/react/-/react-18.2.79.tgz#c40efb4f255711f554d47b449f796d1c7756d865"
  integrity sha512-RwGAGXPl9kSXwdNTafkOEuFrTBD5SA2B3iEB96xi8+xu5ddUa/cpvyVCSNn+asgLCTHkb5ZxN8gbuibYJi4s1w==
  dependencies:
    "@types/prop-types" "*"
    csstype "^3.0.2"

browserslist@^4.21.3:
  version "4.23.0"
  resolved "https://registry.yarnpkg.com/browserslist/-/browserslist-4.23.0.tgz#8f3acc2bbe73af7213399430890f86c63a5674ab"
  integrity sha512-QW8HiM1shhT2GuzkvklfjcKDiWFXHOeFCIA/huJPwHsslwcydgk7X+z2zXpEijP98UCY7HbubZt5J2Zgvf0CaQ==
  dependencies:
    caniuse-lite "^1.0.30001587"
    electron-to-chromium "^1.4.668"
    node-releases "^2.0.14"
    update-browserslist-db "^1.0.13"

caniuse-lite@^1.0.30001587, caniuse-lite@^1.0.30001607:
  version "1.0.30001612"
  resolved "https://registry.yarnpkg.com/caniuse-lite/-/caniuse-lite-1.0.30001612.tgz#d34248b4ec1f117b70b24ad9ee04c90e0b8a14ae"
  integrity sha512-lFgnZ07UhaCcsSZgWW0K5j4e69dK1u/ltrL9lTUiFOwNHs12S3UMIEYgBV0Z6C6hRDev7iRnMzzYmKabYdXF9g==

core-js@~3.36.0:
  version "3.36.1"
  resolved "https://registry.yarnpkg.com/core-js/-/core-js-3.36.1.tgz#c97a7160ebd00b2de19e62f4bbd3406ab720e578"
  integrity sha512-BTvUrwxVBezj5SZ3f10ImnX2oRByMxql3EimVqMysepbC9EeMUOpLwdy6Eoili2x6E4kf+ZUB5k/+Jv55alPfA==

csstype@^3.0.2:
  version "3.1.3"
  resolved "https://registry.yarnpkg.com/csstype/-/csstype-3.1.3.tgz#d80ff294d114fb0e6ac500fbf85b60137d7eff81"
  integrity sha512-M1uQkMl8rQK/szD0LNhtqxIPLpimGm8sOBwU7lLnCpSbTyY3yeU1Vc7l4KT5zT4s/yOxHH5O7tIuuLOCnLADRw==

electron-to-chromium@^1.4.668:
  version "1.4.747"
  resolved "https://registry.yarnpkg.com/electron-to-chromium/-/electron-to-chromium-1.4.747.tgz#e37fa5b7b7e4c22607c5f59b5cf78f947266e77d"
  integrity sha512-+FnSWZIAvFHbsNVmUxhEqWiaOiPMcfum1GQzlWCg/wLigVtshOsjXHyEFfmt6cFK6+HkS3QOJBv6/3OPumbBfw==

enhanced-resolve@5.12.0:
  version "5.12.0"
  resolved "https://registry.yarnpkg.com/enhanced-resolve/-/enhanced-resolve-5.12.0.tgz#300e1c90228f5b570c4d35babf263f6da7155634"
  integrity sha512-QHTXI/sZQmko1cbDoNAa3mJ5qhWUUNAq3vR0/YiD379fWQrcfuoX1+HW2S0MTt7XmoPLapdaDKUtelUSPic7hQ==
  dependencies:
    graceful-fs "^4.2.4"
    tapable "^2.2.0"

escalade@^3.1.1:
  version "3.1.2"
  resolved "https://registry.yarnpkg.com/escalade/-/escalade-3.1.2.tgz#54076e9ab29ea5bf3d8f1ed62acffbb88272df27"
  integrity sha512-ErCHMCae19vR8vQGe50xIsVomy19rg6gFu3+r3jkEO46suLMWBksvVyoGgQV+jOfl84ZSOSlmv6Gxa89PmTGmA==

events@^3.3.0:
  version "3.3.0"
  resolved "https://registry.yarnpkg.com/events/-/events-3.3.0.tgz#31a95ad0a924e2d2c419a813aeb2c4e878ea7400"
  integrity sha512-mQw+2fkQbALzQ7V0MY0IqdnXNOeTtP4r0lN9z7AAawCXgqea7bDii20AYrIBrFd/Hx0M2Ocz6S111CaFkUcb0Q==

glob-to-regexp@^0.4.1:
  version "0.4.1"
  resolved "https://registry.yarnpkg.com/glob-to-regexp/-/glob-to-regexp-0.4.1.tgz#c75297087c851b9a578bd217dd59a92f59fe546e"
  integrity sha512-lkX1HJXwyMcprw/5YUZc2s7DrpAiHB21/V+E1rHUrVNokkvB6bqMzT0VfV6/86ZNabt1k14YOIaT7nDvOX3Iiw==

graceful-fs@4.2.10:
  version "4.2.10"
  resolved "https://registry.yarnpkg.com/graceful-fs/-/graceful-fs-4.2.10.tgz#147d3a006da4ca3ce14728c7aefc287c367d7a6c"
  integrity sha512-9ByhssR2fPVsNZj478qUUbKfmL0+t5BDVyjShtyZZLiK7ZDAArFFfopyOTj0M05wE2tJPisA4iTnnXl2YoPvOA==

graceful-fs@^4.1.2, graceful-fs@^4.2.4:
  version "4.2.11"
  resolved "https://registry.yarnpkg.com/graceful-fs/-/graceful-fs-4.2.11.tgz#4183e4e8bf08bb6e05bbb2f7d2e0c8f712ca40e3"
  integrity sha512-RbJ5/jmFcNNCcDV5o9eTnBLJ/HszWV0P73bc+Ff4nS/rJj+YaS6IGyiOL0VoBYX+l1Wrl3k63h/KrH+nhJ0XvQ==

"html-webpack-plugin@npm:html-rspack-plugin@5.6.2":
  version "5.6.2"
  resolved "https://registry.yarnpkg.com/html-rspack-plugin/-/html-rspack-plugin-5.6.2.tgz#a18ec1d8b8a209f491b10381e3ab881b96256ab8"
  integrity sha512-cPGwV3odvKJ7DBAG/DxF5e0nMMvBl1zGfyDciT2xMETRrIwajwC7LtEB3cf7auoGMK6xJOOLjWJgaKHLu/FzkQ==
  dependencies:
    lodash "^4.17.21"
    tapable "^2.0.0"

"js-tokens@^3.0.0 || ^4.0.0":
  version "4.0.0"
  resolved "https://registry.yarnpkg.com/js-tokens/-/js-tokens-4.0.0.tgz#19203fb59991df98e3a287050d4647cdeaf32499"
  integrity sha512-RdJUflcE3cUzKiMqQgsCu06FPu9UdIJO0beYbPhHN4k6apgJtifcoCtT9bcxOpYBtpD2kCM6Sbzg4CausW/PKQ==

json-parse-even-better-errors@^3.0.0:
  version "3.0.1"
  resolved "https://registry.yarnpkg.com/json-parse-even-better-errors/-/json-parse-even-better-errors-3.0.1.tgz#02bb29fb5da90b5444581749c22cedd3597c6cb0"
  integrity sha512-aatBvbL26wVUCLmbWdCpeu9iF5wOyWpagiKkInA+kfws3sWdBrTnsvN2CKcyCYyUrc7rebNBlK6+kteg7ksecg==

lodash@^4.17.21:
  version "4.17.21"
  resolved "https://registry.yarnpkg.com/lodash/-/lodash-4.17.21.tgz#679591c564c3bffaae8454cf0b3df370c3d6911c"
  integrity sha512-v2kDEe57lecTulaDIuNTPy3Ry4gLGJ6Z1O3vE1krgXZNrsQ+LFTGHVxVjcXPs17LhbZVGedAJv8XZ1tvj5FvSg==

loose-envify@^1.1.0:
  version "1.4.0"
  resolved "https://registry.yarnpkg.com/loose-envify/-/loose-envify-1.4.0.tgz#71ee51fa7be4caec1a63839f7e682d8132d30caf"
  integrity sha512-lyuxPGr/Wfhrlem2CL/UcnUc1zcqKAImBDzukY7Y5F/yQiNdko6+fRLevlw1HgMySw7f611UIY408EtxRSoK3Q==
  dependencies:
    js-tokens "^3.0.0 || ^4.0.0"

nanoid@^3.3.7:
  version "3.3.7"
  resolved "https://registry.yarnpkg.com/nanoid/-/nanoid-3.3.7.tgz#d0c301a691bc8d54efa0a2226ccf3fe2fd656bd8"
  integrity sha512-eSRppjcPIatRIMC1U6UngP8XFcz8MQWGQdt1MTBQ7NaAmvXDfvNxbvWV3x2y6CdEUciCSsDHDQZbhYaB8QEo2g==

neo-async@2.6.2:
  version "2.6.2"
  resolved "https://registry.yarnpkg.com/neo-async/-/neo-async-2.6.2.tgz#b4aafb93e3aeb2d8174ca53cf163ab7d7308305f"
  integrity sha512-Yd3UES5mWCSqR+qNT93S3UoYUkqAZ9lLg8a7g9rimsWmYGK8cVToA4/sF3RrshdyV3sAGMXVUmpMYOw+dLpOuw==

node-releases@^2.0.14:
  version "2.0.14"
  resolved "https://registry.yarnpkg.com/node-releases/-/node-releases-2.0.14.tgz#2ffb053bceb8b2be8495ece1ab6ce600c4461b0b"
  integrity sha512-y10wOWt8yZpqXmOgRo77WaHEmhYQYGNA6y421PKsKYWEK8aW+cqAphborZDhqfyKrbZEN92CN1X2KbafY2s7Yw==

picocolors@^1.0.0:
  version "1.0.0"
  resolved "https://registry.yarnpkg.com/picocolors/-/picocolors-1.0.0.tgz#cb5bdc74ff3f51892236eaf79d68bc44564ab81c"
  integrity sha512-1fygroTLlHu66zi26VoTDv8yRgm0Fccecssto+MhsZ0D/DGW2sm8E8AjW7NU5VVTRt5GxbeZ5qBuJr+HyLYkjQ==

postcss@^8.4.38:
  version "8.4.38"
  resolved "https://registry.yarnpkg.com/postcss/-/postcss-8.4.38.tgz#b387d533baf2054288e337066d81c6bee9db9e0e"
  integrity sha512-Wglpdk03BSfXkHoQa3b/oulrotAkwrlLDRSOb9D0bN86FdRyE9lppSp33aHNPgBa0JKCoB+drFLZkQoRRYae5A==
  dependencies:
    nanoid "^3.3.7"
    picocolors "^1.0.0"
    source-map-js "^1.2.0"

react-dom@18.2.0:
  version "18.2.0"
  resolved "https://registry.yarnpkg.com/react-dom/-/react-dom-18.2.0.tgz#22aaf38708db2674ed9ada224ca4aa708d821e3d"
  integrity sha512-6IMTriUmvsjHUjNtEDudZfuDQUoWXVxKHhlEGSk81n4YFS+r/Kl99wXiwlVXtPBtJenozv2P+hxDsw9eA7Xo6g==
  dependencies:
    loose-envify "^1.1.0"
    scheduler "^0.23.0"

react-refresh@^0.14.0:
  version "0.14.0"
  resolved "https://registry.yarnpkg.com/react-refresh/-/react-refresh-0.14.0.tgz#4e02825378a5f227079554d4284889354e5f553e"
  integrity sha512-wViHqhAd8OHeLS/IRMJjTSDHF3U9eWi62F/MledQGPdJGDhodXJ9PBLNGr6WWL7qlH12Mt3TyTpbS+hGXMjCzQ==

react@18.2.0:
  version "18.2.0"
  resolved "https://registry.yarnpkg.com/react/-/react-18.2.0.tgz#555bd98592883255fa00de14f1151a917b5d77d5"
  integrity sha512-/3IjMdb2L9QbBdWiW5e3P2/npwMBaU9mHCSCUzNln0ZCYbcfTsGbTJrU/kGemdH2IWmB2ioZ+zkxtmq6g09fGQ==
  dependencies:
    loose-envify "^1.1.0"

scheduler@^0.23.0:
  version "0.23.0"
  resolved "https://registry.yarnpkg.com/scheduler/-/scheduler-0.23.0.tgz#ba8041afc3d30eb206a487b6b384002e4e61fdfe"
  integrity sha512-CtuThmgHNg7zIZWAXi3AsyIzA3n4xx7aNyjwC2VJldO2LMVDhFK+63xGqq6CsJH4rTAt6/M+N4GhZiDYPx9eUw==
  dependencies:
    loose-envify "^1.1.0"

source-map-js@^1.2.0:
  version "1.2.0"
  resolved "https://registry.yarnpkg.com/source-map-js/-/source-map-js-1.2.0.tgz#16b809c162517b5b8c3e7dcd315a2a5c2612b2af"
  integrity sha512-itJW8lvSA0TXEphiRoawsCksnlf8SyvmFzIhltqAHluXd88pkCd+cXJVHTDwdCr0IzwptSm035IHQktUu1QUMg==

tapable@2.2.1, tapable@^2.0.0, tapable@^2.2.0:
  version "2.2.1"
  resolved "https://registry.yarnpkg.com/tapable/-/tapable-2.2.1.tgz#1967a73ef4060a82f12ab96af86d52fdb76eeca0"
  integrity sha512-GNzQvQTOIP6RyTfE2Qxb8ZVlNmw0n88vp1szwWRimP02mnTsx3Wtn5qRdqY9w2XduFNUgvOwhNnQsjwCp+kqaQ==

tslib@^2.4.0:
  version "2.6.2"
  resolved "https://registry.yarnpkg.com/tslib/-/tslib-2.6.2.tgz#703ac29425e7b37cd6fd456e92404d46d1f3e4ae"
  integrity sha512-AEYxH93jGFPn/a2iVAwW87VuUIkR1FVUKB77NwMF7nBTDkDrrT/Hpt/IrCJ0QXhW27jTBDcf5ZY7w6RiqTMw2Q==

typescript@^5.4.5:
  version "5.4.5"
  resolved "https://registry.yarnpkg.com/typescript/-/typescript-5.4.5.tgz#42ccef2c571fdbd0f6718b1d1f5e6e5ef006f611"
  integrity sha512-vcI4UpRgg81oIRUFwR0WSIHKt11nJ7SAVlYNIu+QpqeyXP+gpQJy/Z4+F0aGxSE4MqwjyXvW/TzgkLAx2AGHwQ==

undici-types@~5.26.4:
  version "5.26.5"
  resolved "https://registry.yarnpkg.com/undici-types/-/undici-types-5.26.5.tgz#bcd539893d00b56e964fd2657a4866b221a65617"
  integrity sha512-JlCMO+ehdEIKqlFxk6IfVoAUVmgz7cU7zD/h9XZ0qzeosSHmUJVOzSQvvYSYWXkFXC+IfLKSIffhv0sVZup6pA==

update-browserslist-db@^1.0.13:
  version "1.0.13"
  resolved "https://registry.yarnpkg.com/update-browserslist-db/-/update-browserslist-db-1.0.13.tgz#3c5e4f5c083661bd38ef64b6328c26ed6c8248c4"
  integrity sha512-xebP81SNcPuNpPP3uzeW1NYXxI3rxyJzF3pD6sH4jE7o/IX+WtSpwnVU+qIsDPyk0d3hmFQ7mjqc6AtV604hbg==
  dependencies:
    escalade "^3.1.1"
    picocolors "^1.0.0"

watchpack@^2.4.0:
  version "2.4.1"
  resolved "https://registry.yarnpkg.com/watchpack/-/watchpack-2.4.1.tgz#29308f2cac150fa8e4c92f90e0ec954a9fed7fff"
  integrity sha512-8wrBCMtVhqcXP2Sup1ctSkga6uc2Bx0IIvKyT7yTFier5AXHooSI+QyQQAtTb7+E0IUCCKyTFmXqdqgum2XWGg==
  dependencies:
    glob-to-regexp "^0.4.1"
    graceful-fs "^4.1.2"

webpack-sources@3.2.3:
  version "3.2.3"
  resolved "https://registry.yarnpkg.com/webpack-sources/-/webpack-sources-3.2.3.tgz#2d4daab8451fd4b240cc27055ff6a0c2ccea0cde"
  integrity sha512-/DyMEOrDgLKKIG0fmvtz+4dUX/3Ghozwgm6iPp8KRhvn+eQf9+Q7GWxVNMk3+uCPWfdXYC4ExGBckIXdFEfH1w==

zod-validation-error@1.3.1:
  version "1.3.1"
  resolved "https://registry.yarnpkg.com/zod-validation-error/-/zod-validation-error-1.3.1.tgz#7134579d2ba3994495133b879a076786c8c270f5"
  integrity sha512-cNEXpla+tREtNdAnNKY4xKY1SGOn2yzyuZMu4O0RQylX9apRpUjNcPkEc3uHIAr5Ct7LenjZt6RzjEH6+JsqVQ==

zod@^3.21.4:
  version "3.23.4"
  resolved "https://registry.yarnpkg.com/zod/-/zod-3.23.4.tgz#c63805b2f39e10d4ab3d55eb3c8cdb472c79dfb1"
  integrity sha512-/AtWOKbBgjzEYYQRNfoGKHObgfAZag6qUJX1VbHo2PRBgS+wfWagEY2mizjfyAPcGesrJOcx/wcl0L9WnVrHFw==
